
Microsoft Visual Studio Solution File, Format Version 12.00
# Visual Studio Version 16
VisualStudioVersion = 16.0.29318.209
MinimumVisualStudioVersion = 10.0.40219.1
Project("{FAE04EC0-301F-11D3-BF4B-00C04F79EFBC}") = "MSNexus", "src\MSNexus.csproj", "{B0E6065F-BF11-408A-AA35-95E56E41B359}"
EndProject
Global
	GlobalSection(SolutionConfigurationPlatforms) = preSolution
		Debug|Any CPU = Debug|Any CPU
		Release|Any CPU = Release|Any CPU
	EndGlobalSection
	GlobalSection(ProjectConfigurationPlatforms) = postSolution
		{B0E6065F-BF11-408A-AA35-95E56E41B359}.Debug|Any CPU.ActiveCfg = Debug|Any CPU
		{B0E6065F-BF11-408A-AA35-95E56E41B359}.Debug|Any CPU.Build.0 = Debug|Any CPU
		{B0E6065F-BF11-408A-AA35-95E56E41B359}.Release|Any CPU.ActiveCfg = Release|Any CPU
		{B0E6065F-BF11-408A-AA35-95E56E41B359}.Release|Any CPU.Build.0 = Release|Any CPU
	EndGlobalSection
	GlobalSection(SolutionProperties) = preSolution
		HideSolutionNode = FALSE
	EndGlobalSection
	GlobalSection(ExtensibilityGlobals) = postSolution
		SolutionGuid = {9600668C-2113-48BB-A180-042342F05F73}
	EndGlobalSection
EndGlobal
